
Microsoft Visual Studio Solution File, Format Version 12.00
# Visual Studio Version 17
VisualStudioVersion = 17.11.35431.28
MinimumVisualStudioVersion = 10.0.40219.1
Project("{FAE04EC0-301F-11D3-BF4B-00C04F79EFBC}") = "RemoveDuplicates", "RemoveDuplicates\RemoveDuplicates.csproj", "{4A557D87-FBE9-4DE9-A4A4-E6560DA477E4}"
EndProject
Global
	GlobalSection(SolutionConfigurationPlatforms) = preSolution
		Debug|Any CPU = Debug|Any CPU
		Release|Any CPU = Release|Any CPU
	EndGlobalSection
	GlobalSection(ProjectConfigurationPlatforms) = postSolution
		{4A557D87-FBE9-4DE9-A4A4-E6560DA477E4}.Debug|Any CPU.ActiveCfg = Debug|Any CPU
		{4A557D87-FBE9-4DE9-A4A4-E6560DA477E4}.Debug|Any CPU.Build.0 = Debug|Any CPU
		{4A557D87-FBE9-4DE9-A4A4-E6560DA477E4}.Release|Any CPU.ActiveCfg = Release|Any CPU
		{4A557D87-FBE9-4DE9-A4A4-E6560DA477E4}.Release|Any CPU.Build.0 = Release|Any CPU
	EndGlobalSection
	GlobalSection(SolutionProperties) = preSolution
		HideSolutionNode = FALSE
	EndGlobalSection
	GlobalSection(ExtensibilityGlobals) = postSolution
		SolutionGuid = {078B1A5F-9E4F-4427-A0F6-ACA01801925B}
	EndGlobalSection
EndGlobal
